// !$*UTF8*$!
{
	archiveVersion = 1;
	classes = {
	};
	objectVersion = 56;
	objects = {

/* Begin PBXBuildFile section */
		8CB0553129F9C49400C67BCF /* AppDelegate.swift in Sources */ = {isa = PBXBuildFile; fileRef = 8CB0553029F9C49400C67BCF /* AppDelegate.swift */; };
		8CB0553329F9C49400C67BCF /* SceneDelegate.swift in Sources */ = {isa = PBXBuildFile; fileRef = 8CB0553229F9C49400C67BCF /* SceneDelegate.swift */; };
		8CB0553529F9C49400C67BCF /* ViewController.swift in Sources */ = {isa = PBXBuildFile; fileRef = 8CB0553429F9C49400C67BCF /* ViewController.swift */; };
		8CB0553829F9C49400C67BCF /* Main.storyboard in Resources */ = {isa = PBXBuildFile; fileRef = 8CB0553629F9C49400C67BCF /* Main.storyboard */; };
		8CB0553A29F9C49600C67BCF /* Assets.xcassets in Resources */ = {isa = PBXBuildFile; fileRef = 8CB0553929F9C49600C67BCF /* Assets.xcassets */; };
		8CB0553D29F9C49600C67BCF /* LaunchScreen.storyboard in Resources */ = {isa = PBXBuildFile; fileRef = 8CB0553B29F9C49600C67BCF /* LaunchScreen.storyboard */; };
		8CB0554529F9EE6100C67BCF /* Model.swift in Sources */ = {isa = PBXBuildFile; fileRef = 8CB0554429F9EE6100C67BCF /* Model.swift */; };
		8CB0554B29FC10B200C67BCF /* WebService.swift in Sources */ = {isa = PBXBuildFile; fileRef = 8CB0554A29FC10B200C67BCF /* WebService.swift */; };
		8CB0554D29FC152200C67BCF /* QuizAppVM.swift in Sources */ = {isa = PBXBuildFile; fileRef = 8CB0554C29FC152200C67BCF /* QuizAppVM.swift */; };
		8CB0555029FC2A6A00C67BCF /* iOSDropDown in Frameworks */ = {isa = PBXBuildFile; productRef = 8CB0554F29FC2A6A00C67BCF /* iOSDropDown */; };
		8CB055C729FDC9EE00C67BCF /* GeneralSans-Semibold.ttf in Resources */ = {isa = PBXBuildFile; fileRef = 8CB055C629FDC9EE00C67BCF /* GeneralSans-Semibold.ttf */; };
/* End PBXBuildFile section */

/* Begin PBXFileReference section */
		8CB0552D29F9C49400C67BCF /* QuizApp.app */ = {isa = PBXFileReference; explicitFileType = wrapper.application; includeInIndex = 0; path = QuizApp.app; sourceTree = BUILT_PRODUCTS_DIR; };
		8CB0553029F9C49400C67BCF /* AppDelegate.swift */ = {isa = PBXFileReference; lastKnownFileType = sourcecode.swift; path = AppDelegate.swift; sourceTree = "<group>"; };
		8CB0553229F9C49400C67BCF /* SceneDelegate.swift */ = {isa = PBXFileReference; lastKnownFileType = sourcecode.swift; path = SceneDelegate.swift; sourceTree = "<group>"; };
		8CB0553429F9C49400C67BCF /* ViewController.swift */ = {isa = PBXFileReference; lastKnownFileType = sourcecode.swift; path = ViewController.swift; sourceTree = "<group>"; };
		8CB0553729F9C49400C67BCF /* Base */ = {isa = PBXFileReference; lastKnownFileType = file.storyboard; name = Base; path = Base.lproj/Main.storyboard; sourceTree = "<group>"; };
		8CB0553929F9C49600C67BCF /* Assets.xcassets */ = {isa = PBXFileReference; lastKnownFileType = folder.assetcatalog; path = Assets.xcassets; sourceTree = "<group>"; };
		8CB0553C29F9C49600C67BCF /* Base */ = {isa = PBXFileReference; lastKnownFileType = file.storyboard; name = Base; path = Base.lproj/LaunchScreen.storyboard; sourceTree = "<group>"; };
		8CB0553E29F9C49600C67BCF /* Info.plist */ = {isa = PBXFileReference; lastKnownFileType = text.plist.xml; path = Info.plist; sourceTree = "<group>"; };
		8CB0554429F9EE6100C67BCF /* Model.swift */ = {isa = PBXFileReference; lastKnownFileType = sourcecode.swift; path = Model.swift; sourceTree = "<group>"; };
		8CB0554A29FC10B200C67BCF /* WebService.swift */ = {isa = PBXFileReference; lastKnownFileType = sourcecode.swift; path = WebService.swift; sourceTree = "<group>"; };
		8CB0554C29FC152200C67BCF /* QuizAppVM.swift */ = {isa = PBXFileReference; lastKnownFileType = sourcecode.swift; path = QuizAppVM.swift; sourceTree = "<group>"; };
		8CB055C629FDC9EE00C67BCF /* GeneralSans-Semibold.ttf */ = {isa = PBXFileReference; lastKnownFileType = file; path = "GeneralSans-Semibold.ttf"; sourceTree = "<group>"; };
/* End PBXFileReference section */

/* Begin PBXFrameworksBuildPhase section */
		8CB0552A29F9C49400C67BCF /* Frameworks */ = {
			isa = PBXFrameworksBuildPhase;
			buildActionMask = 2147483647;
			files = (
				8CB0555029FC2A6A00C67BCF /* iOSDropDown in Frameworks */,
			);
			runOnlyForDeploymentPostprocessing = 0;
		};
/* End PBXFrameworksBuildPhase section */

/* Begin PBXGroup section */
		8CB0552429F9C49400C67BCF = {
			isa = PBXGroup;
			children = (
				8CB0552F29F9C49400C67BCF /* QuizApp */,
				8CB0552E29F9C49400C67BCF /* Products */,
			);
			sourceTree = "<group>";
		};
		8CB0552E29F9C49400C67BCF /* Products */ = {
			isa = PBXGroup;
			children = (
				8CB0552D29F9C49400C67BCF /* QuizApp.app */,
			);
			name = Products;
			sourceTree = "<group>";
		};
		8CB0552F29F9C49400C67BCF /* QuizApp */ = {
			isa = PBXGroup;
			children = (
				8CB055C529FDC9B800C67BCF /* GeneralSans */,
				8CB0554729FC108300C67BCF /* View */,
				8CB0554929FC10A100C67BCF /* Service */,
				8CB0554829FC108800C67BCF /* ViewModel */,
				8CB0554629FC107600C67BCF /* Model */,
				8CB0553629F9C49400C67BCF /* Main.storyboard */,
				8CB0553929F9C49600C67BCF /* Assets.xcassets */,
				8CB0553B29F9C49600C67BCF /* LaunchScreen.storyboard */,
				8CB0553E29F9C49600C67BCF /* Info.plist */,
			);
			path = QuizApp;
			sourceTree = "<group>";
		};
		8CB0554629FC107600C67BCF /* Model */ = {
			isa = PBXGroup;
			children = (
				8CB0554429F9EE6100C67BCF /* Model.swift */,
			);
			path = Model;
			sourceTree = "<group>";
		};
		8CB0554729FC108300C67BCF /* View */ = {
			isa = PBXGroup;
			children = (
				8CB0553029F9C49400C67BCF /* AppDelegate.swift */,
				8CB0553229F9C49400C67BCF /* SceneDelegate.swift */,
				8CB0553429F9C49400C67BCF /* ViewController.swift */,
			);
			path = View;
			sourceTree = "<group>";
		};
		8CB0554829FC108800C67BCF /* ViewModel */ = {
			isa = PBXGroup;
			children = (
				8CB0554C29FC152200C67BCF /* QuizAppVM.swift */,
			);
			path = ViewModel;
			sourceTree = "<group>";
		};
		8CB0554929FC10A100C67BCF /* Service */ = {
			isa = PBXGroup;
			children = (
				8CB0554A29FC10B200C67BCF /* WebService.swift */,
			);
			path = Service;
			sourceTree = "<group>";
		};
		8CB055C529FDC9B800C67BCF /* GeneralSans */ = {
			isa = PBXGroup;
			children = (
				8CB055C629FDC9EE00C67BCF /* GeneralSans-Semibold.ttf */,
			);
			path = GeneralSans;
			sourceTree = "<group>";
		};
/* End PBXGroup section */

/* Begin PBXNativeTarget section */
		8CB0552C29F9C49400C67BCF /* QuizApp */ = {
			isa = PBXNativeTarget;
			buildConfigurationList = 8CB0554129F9C49600C67BCF /* Build configuration list for PBXNativeTarget "QuizApp" */;
			buildPhases = (
				8CB0552929F9C49400C67BCF /* Sources */,
				8CB0552A29F9C49400C67BCF /* Frameworks */,
				8CB0552B29F9C49400C67BCF /* Resources */,
			);
			buildRules = (
			);
			dependencies = (
			);
			name = QuizApp;
			packageProductDependencies = (
				8CB0554F29FC2A6A00C67BCF /* iOSDropDown */,
			);
			productName = QuizApp;
			productReference = 8CB0552D29F9C49400C67BCF /* QuizApp.app */;
			productType = "com.apple.product-type.application";
		};
/* End PBXNativeTarget section */

/* Begin PBXProject section */
		8CB0552529F9C49400C67BCF /* Project object */ = {
			isa = PBXProject;
			attributes = {
				BuildIndependentTargetsInParallel = 1;
				LastSwiftUpdateCheck = 1430;
				LastUpgradeCheck = 1430;
				TargetAttributes = {
					8CB0552C29F9C49400C67BCF = {
						CreatedOnToolsVersion = 14.3;
					};
				};
			};
			buildConfigurationList = 8CB0552829F9C49400C67BCF /* Build configuration list for PBXProject "QuizApp" */;
			compatibilityVersion = "Xcode 14.0";
			developmentRegion = en;
			hasScannedForEncodings = 0;
			knownRegions = (
				en,
				Base,
			);
			mainGroup = 8CB0552429F9C49400C67BCF;
			packageReferences = (
				8CB0554E29FC2A6A00C67BCF /* XCRemoteSwiftPackageReference "iOSDropDown" */,
			);
			productRefGroup = 8CB0552E29F9C49400C67BCF /* Products */;
			projectDirPath = "";
			projectRoot = "";
			targets = (
				8CB0552C29F9C49400C67BCF /* QuizApp */,
			);
		};
/* End PBXProject section */

/* Begin PBXResourcesBuildPhase section */
		8CB0552B29F9C49400C67BCF /* Resources */ = {
			isa = PBXResourcesBuildPhase;
			buildActionMask = 2147483647;
			files = (
				8CB0553D29F9C49600C67BCF /* LaunchScreen.storyboard in Resources */,
				8CB0553A29F9C49600C67BCF /* Assets.xcassets in Resources */,
				8CB0553829F9C49400C67BCF /* Main.storyboard in Resources */,
				8CB055C729FDC9EE00C67BCF /* GeneralSans-Semibold.ttf in Resources */,
			);
			runOnlyForDeploymentPostprocessing = 0;
		};
/* End PBXResourcesBuildPhase section */

/* Begin PBXSourcesBuildPhase section */
		8CB0552929F9C49400C67BCF /* Sources */ = {
			isa = PBXSourcesBuildPhase;
			buildActionMask = 2147483647;
			files = (
				8CB0553529F9C49400C67BCF /* ViewController.swift in Sources */,
				8CB0553129F9C49400C67BCF /* AppDelegate.swift in Sources */,
				8CB0553329F9C49400C67BCF /* SceneDelegate.swift in Sources */,
				8CB0554D29FC152200C67BCF /* QuizAppVM.swift in Sources */,
				8CB0554B29FC10B200C67BCF /* WebService.swift in Sources */,
				8CB0554529F9EE6100C67BCF /* Model.swift in Sources */,
			);
			runOnlyForDeploymentPostprocessing = 0;
		};
/* End PBXSourcesBuildPhase section */

/* Begin PBXVariantGroup section */
		8CB0553629F9C49400C67BCF /* Main.storyboard */ = {
			isa = PBXVariantGroup;
			children = (
				8CB0553729F9C49400C67BCF /* Base */,
			);
			name = Main.storyboard;
			sourceTree = "<group>";
		};
		8CB0553B29F9C49600C67BCF /* LaunchScreen.storyboard */ = {
			isa = PBXVariantGroup;
			children = (
				8CB0553C29F9C49600C67BCF /* Base */,
			);
			name = LaunchScreen.storyboard;
			sourceTree = "<group>";
		};
/* End PBXVariantGroup section */

/* Begin XCBuildConfiguration section */
		8CB0553F29F9C49600C67BCF /* Debug */ = {
			isa = XCBuildConfiguration;
			buildSettings = {
				ALWAYS_SEARCH_USER_PATHS = NO;
				CLANG_ANALYZER_NONNULL = YES;
				CLANG_ANALYZER_NUMBER_OBJECT_CONVERSION = YES_AGGRESSIVE;
				CLANG_CXX_LANGUAGE_STANDARD = "gnu++20";
				CLANG_ENABLE_MODULES = YES;
				CLANG_ENABLE_OBJC_ARC = YES;
				CLANG_ENABLE_OBJC_WEAK = YES;
				CLANG_WARN_BLOCK_CAPTURE_AUTORELEASING = YES;
				CLANG_WARN_BOOL_CONVERSION = YES;
				CLANG_WARN_COMMA = YES;
				CLANG_WARN_CONSTANT_CONVERSION = YES;
				CLANG_WARN_DEPRECATED_OBJC_IMPLEMENTATIONS = YES;
				CLANG_WARN_DIRECT_OBJC_ISA_USAGE = YES_ERROR;
				CLANG_WARN_DOCUMENTATION_COMMENTS = YES;
				CLANG_WARN_EMPTY_BODY = YES;
				CLANG_WARN_ENUM_CONVERSION = YES;
				CLANG_WARN_INFINITE_RECURSION = YES;
				CLANG_WARN_INT_CONVERSION = YES;
				CLANG_WARN_NON_LITERAL_NULL_CONVERSION = YES;
				CLANG_WARN_OBJC_IMPLICIT_RETAIN_SELF = YES;
				CLANG_WARN_OBJC_LITERAL_CONVERSION = YES;
				CLANG_WARN_OBJC_ROOT_CLASS = YES_ERROR;
				CLANG_WARN_QUOTED_INCLUDE_IN_FRAMEWORK_HEADER = YES;
				CLANG_WARN_RANGE_LOOP_ANALYSIS = YES;
				CLANG_WARN_STRICT_PROTOTYPES = YES;
				CLANG_WARN_SUSPICIOUS_MOVE = YES;
				CLANG_WARN_UNGUARDED_AVAILABILITY = YES_AGGRESSIVE;
				CLANG_WARN_UNREACHABLE_CODE = YES;
				CLANG_WARN__DUPLICATE_METHOD_MATCH = YES;
				COPY_PHASE_STRIP = NO;
				DEBUG_INFORMATION_FORMAT = dwarf;
				ENABLE_STRICT_OBJC_MSGSEND = YES;
				ENABLE_TESTABILITY = YES;
				GCC_C_LANGUAGE_STANDARD = gnu11;
				GCC_DYNAMIC_NO_PIC = NO;
				GCC_NO_COMMON_BLOCKS = YES;
				GCC_OPTIMIZATION_LEVEL = 0;
				GCC_PREPROCESSOR_DEFINITIONS = (
					"DEBUG=1",
					"$(inherited)",
				);
				GCC_WARN_64_TO_32_BIT_CONVERSION = YES;
				GCC_WARN_ABOUT_RETURN_TYPE = YES_ERROR;
				GCC_WARN_UNDECLARED_SELECTOR = YES;
				GCC_WARN_UNINITIALIZED_AUTOS = YES_AGGRESSIVE;
				GCC_WARN_UNUSED_FUNCTION = YES;
				GCC_WARN_UNUSED_VARIABLE = YES;
				IPHONEOS_DEPLOYMENT_TARGET = 16.4;
				MTL_ENABLE_DEBUG_INFO = INCLUDE_SOURCE;
				MTL_FAST_MATH = YES;
				ONLY_ACTIVE_ARCH = YES;
				SDKROOT = iphoneos;
				SWIFT_ACTIVE_COMPILATION_CONDITIONS = DEBUG;
				SWIFT_OPTIMIZATION_LEVEL = "-Onone";
			};
			name = Debug;
		};
		8CB0554029F9C49600C67BCF /* Release */ = {
			isa = XCBuildConfiguration;
			buildSettings = {
				ALWAYS_SEARCH_USER_PATHS = NO;
				CLANG_ANALYZER_NONNULL = YES;
				CLANG_ANALYZER_NUMBER_OBJECT_CONVERSION = YES_AGGRESSIVE;
				CLANG_CXX_LANGUAGE_STANDARD = "gnu++20";
				CLANG_ENABLE_MODULES = YES;
				CLANG_ENABLE_OBJC_ARC = YES;
				CLANG_ENABLE_OBJC_WEAK = YES;
				CLANG_WARN_BLOCK_CAPTURE_AUTORELEASING = YES;
				CLANG_WARN_BOOL_CONVERSION = YES;
				CLANG_WARN_COMMA = YES;
				CLANG_WARN_CONSTANT_CONVERSION = YES;
				CLANG_WARN_DEPRECATED_OBJC_IMPLEMENTATIONS = YES;
				CLANG_WARN_DIRECT_OBJC_ISA_USAGE = YES_ERROR;
				CLANG_WARN_DOCUMENTATION_COMMENTS = YES;
				CLANG_WARN_EMPTY_BODY = YES;
				CLANG_WARN_ENUM_CONVERSION = YES;
				CLANG_WARN_INFINITE_RECURSION = YES;
				CLANG_WARN_INT_CONVERSION = YES;
				CLANG_WARN_NON_LITERAL_NULL_CONVERSION = YES;
				CLANG_WARN_OBJC_IMPLICIT_RETAIN_SELF = YES;
				CLANG_WARN_OBJC_LITERAL_CONVERSION = YES;
				CLANG_WARN_OBJC_ROOT_CLASS = YES_ERROR;
				CLANG_WARN_QUOTED_INCLUDE_IN_FRAMEWORK_HEADER = YES;
				CLANG_WARN_RANGE_LOOP_ANALYSIS = YES;
				CLANG_WARN_STRICT_PROTOTYPES = YES;
				CLANG_WARN_SUSPICIOUS_MOVE = YES;
				CLANG_WARN_UNGUARDED_AVAILABILITY = YES_AGGRESSIVE;
				CLANG_WARN_UNREACHABLE_CODE = YES;
				CLANG_WARN__DUPLICATE_METHOD_MATCH = YES;
				COPY_PHASE_STRIP = NO;
				DEBUG_INFORMATION_FORMAT = "dwarf-with-dsym";
				ENABLE_NS_ASSERTIONS = NO;
				ENABLE_STRICT_OBJC_MSGSEND = YES;
				GCC_C_LANGUAGE_STANDARD = gnu11;
				GCC_NO_COMMON_BLOCKS = YES;
				GCC_WARN_64_TO_32_BIT_CONVERSION = YES;
				GCC_WARN_ABOUT_RETURN_TYPE = YES_ERROR;
				GCC_WARN_UNDECLARED_SELECTOR = YES;
				GCC_WARN_UNINITIALIZED_AUTOS = YES_AGGRESSIVE;
				GCC_WARN_UNUSED_FUNCTION = YES;
				GCC_WARN_UNUSED_VARIABLE = YES;
				IPHONEOS_DEPLOYMENT_TARGET = 16.4;
				MTL_ENABLE_DEBUG_INFO = NO;
				MTL_FAST_MATH = YES;
				SDKROOT = iphoneos;
				SWIFT_COMPILATION_MODE = wholemodule;
				SWIFT_OPTIMIZATION_LEVEL = "-O";
				VALIDATE_PRODUCT = YES;
			};
			name = Release;
		};
		8CB0554229F9C49600C67BCF /* Debug */ = {
			isa = XCBuildConfiguration;
			buildSettings = {
				ASSETCATALOG_COMPILER_APPICON_NAME = AppIcon;
				ASSETCATALOG_COMPILER_GLOBAL_ACCENT_COLOR_NAME = AccentColor;
				CODE_SIGN_STYLE = Automatic;
				CURRENT_PROJECT_VERSION = 1;
				DEVELOPMENT_TEAM = XL7ZZA458A;
				GENERATE_INFOPLIST_FILE = YES;
				INFOPLIST_FILE = QuizApp/Info.plist;
				INFOPLIST_KEY_UIApplicationSupportsIndirectInputEvents = YES;
				INFOPLIST_KEY_UILaunchStoryboardName = LaunchScreen;
				INFOPLIST_KEY_UIMainStoryboardFile = Main;
				INFOPLIST_KEY_UISupportedInterfaceOrientations_iPad = "UIInterfaceOrientationPortrait UIInterfaceOrientationPortraitUpsideDown UIInterfaceOrientationLandscapeLeft UIInterfaceOrientationLandscapeRight";
				INFOPLIST_KEY_UISupportedInterfaceOrientations_iPhone = "UIInterfaceOrientationPortrait UIInterfaceOrientationLandscapeLeft UIInterfaceOrientationLandscapeRight";
				LD_RUNPATH_SEARCH_PATHS = (
					"$(inherited)",
					"@executable_path/Frameworks",
				);
				MARKETING_VERSION = 1.0;
				PRODUCT_BUNDLE_IDENTIFIER = Kaan.QuizApp;
				PRODUCT_NAME = "$(TARGET_NAME)";
				SWIFT_EMIT_LOC_STRINGS = YES;
				SWIFT_VERSION = 5.0;
				TARGETED_DEVICE_FAMILY = "1,2";
			};
			name = Debug;
		};
		8CB0554329F9C49600C67BCF /* Release */ = {
			isa = XCBuildConfiguration;
			buildSettings = {
				ASSETCATALOG_COMPILER_APPICON_NAME = AppIcon;
				ASSETCATALOG_COMPILER_GLOBAL_ACCENT_COLOR_NAME = AccentColor;
				CODE_SIGN_STYLE = Automatic;
				CURRENT_PROJECT_VERSION = 1;
				DEVELOPMENT_TEAM = XL7ZZA458A;
				GENERATE_INFOPLIST_FILE = YES;
				INFOPLIST_FILE = QuizApp/Info.plist;
				INFOPLIST_KEY_UIApplicationSupportsIndirectInputEvents = YES;
				INFOPLIST_KEY_UILaunchStoryboardName = LaunchScreen;
				INFOPLIST_KEY_UIMainStoryboardFile = Main;
				INFOPLIST_KEY_UISupportedInterfaceOrientations_iPad = "UIInterfaceOrientationPortrait UIInterfaceOrientationPortraitUpsideDown UIInterfaceOrientationLandscapeLeft UIInterfaceOrientationLandscapeRight";
				INFOPLIST_KEY_UISupportedInterfaceOrientations_iPhone = "UIInterfaceOrientationPortrait UIInterfaceOrientationLandscapeLeft UIInterfaceOrientationLandscapeRight";
				LD_RUNPATH_SEARCH_PATHS = (
					"$(inherited)",
					"@executable_path/Frameworks",
				);
				MARKETING_VERSION = 1.0;
				PRODUCT_BUNDLE_IDENTIFIER = Kaan.QuizApp;
				PRODUCT_NAME = "$(TARGET_NAME)";
				SWIFT_EMIT_LOC_STRINGS = YES;
				SWIFT_VERSION = 5.0;
				TARGETED_DEVICE_FAMILY = "1,2";
			};
			name = Release;
		};
/* End XCBuildConfiguration section */

/* Begin XCConfigurationList section */
		8CB0552829F9C49400C67BCF /* Build configuration list for PBXProject "QuizApp" */ = {
			isa = XCConfigurationList;
			buildConfigurations = (
				8CB0553F29F9C49600C67BCF /* Debug */,
				8CB0554029F9C49600C67BCF /* Release */,
			);
			defaultConfigurationIsVisible = 0;
			defaultConfigurationName = Release;
		};
		8CB0554129F9C49600C67BCF /* Build configuration list for PBXNativeTarget "QuizApp" */ = {
			isa = XCConfigurationList;
			buildConfigurations = (
				8CB0554229F9C49600C67BCF /* Debug */,
				8CB0554329F9C49600C67BCF /* Release */,
			);
			defaultConfigurationIsVisible = 0;
			defaultConfigurationName = Release;
		};
/* End XCConfigurationList section */

/* Begin XCRemoteSwiftPackageReference section */
		8CB0554E29FC2A6A00C67BCF /* XCRemoteSwiftPackageReference "iOSDropDown" */ = {
			isa = XCRemoteSwiftPackageReference;
			repositoryURL = "https://github.com/jriosdev/iOSDropDown.git";
			requirement = {
				kind = upToNextMajorVersion;
				minimumVersion = 0.4.0;
			};
		};
/* End XCRemoteSwiftPackageReference section */

/* Begin XCSwiftPackageProductDependency section */
		8CB0554F29FC2A6A00C67BCF /* iOSDropDown */ = {
			isa = XCSwiftPackageProductDependency;
			package = 8CB0554E29FC2A6A00C67BCF /* XCRemoteSwiftPackageReference "iOSDropDown" */;
			productName = iOSDropDown;
		};
/* End XCSwiftPackageProductDependency section */
	};
	rootObject = 8CB0552529F9C49400C67BCF /* Project object */;
}
